
Microsoft Visual Studio Solution File, Format Version 12.00
# Visual Studio Version 17
VisualStudioVersion = 17.14.36429.23
MinimumVisualStudioVersion = 10.0.40219.1
Project("{2150E333-8FDC-42A3-9474-1A3956D46DE8}") = "Task1", "Task1", "{E2299B22-47F0-44E3-A905-89557480EE87}"
EndProject
Project("{2150E333-8FDC-42A3-9474-1A3956D46DE8}") = "Task0", "Task0", "{36D591C7-65C7-A0D1-1CBC-10CDE441BDC8}"
EndProject
Project("{FAE04EC0-301F-11D3-BF4B-00C04F79EFBC}") = "Tyuiu.ChuginNM.Sprint1.Task0.V30", "Tyuiu.ChuginNM.Sprint1.Task0.V30\Tyuiu.ChuginNM.Sprint1.Task0.V30.csproj", "{3172325A-8B22-4F68-AB8E-BF400D34C28C}"
EndProject
Project("{FAE04EC0-301F-11D3-BF4B-00C04F79EFBC}") = "Tyuiu.ChuginNM.Sprint1.Task0.V30.Lib", "Tyuiu.ChuginNM.Sprint1.Task0.V30.Lib\Tyuiu.ChuginNM.Sprint1.Task0.V30.Lib.csproj", "{C81D35EE-25C9-4303-BE55-691727755C59}"
EndProject
Project("{FAE04EC0-301F-11D3-BF4B-00C04F79EFBC}") = "Tyuiu.ChuginNM.Sprint1.Task0.V30.Test", "Tyuiu.ChuginNM.Sprint1.Task0.V30.Test\Tyuiu.ChuginNM.Sprint1.Task0.V30.Test.csproj", "{1F01C86C-B783-4376-B163-B0623C4DF394}"
EndProject
Project("{FAE04EC0-301F-11D3-BF4B-00C04F79EFBC}") = "Tyuiu.ChuginNM.Sprint1.Task1.V12", "Tyuiu.ChuginNM.Sprint1.Task1.V12\Tyuiu.ChuginNM.Sprint1.Task1.V12.csproj", "{DE0F24F4-59E3-450C-AA2F-2BD6FF0F5204}"
EndProject
Project("{FAE04EC0-301F-11D3-BF4B-00C04F79EFBC}") = "Tyuiu.ChuginNM.Sprint1.Task1.V12.Lib", "Tyuiu.ChuginNM.Sprint1.Task1.V12.Lib\Tyuiu.ChuginNM.Sprint1.Task1.V12.Lib.csproj", "{2B5419D1-3F1E-451D-97C1-EA556B22642A}"
EndProject
Project("{FAE04EC0-301F-11D3-BF4B-00C04F79EFBC}") = "Tyuiu.ChuginNM.Sprint1.Task1.V12.Test", "Tyuiu.ChuginNM.Sprint1.Task1.V12.Test\Tyuiu.ChuginNM.Sprint1.Task1.V12.Test.csproj", "{F00728F5-6E2B-46E7-B097-626137616C8F}"
EndProject
Project("{2150E333-8FDC-42A3-9474-1A3956D46DE8}") = "Task2", "Task2", "{23662AAE-053C-4DEB-9ADD-9CF732030883}"
EndProject
Project("{FAE04EC0-301F-11D3-BF4B-00C04F79EFBC}") = "Tyuiu.ChuginNM.Sprint1.Task2.V29", "Tyuiu.ChuginNM.Sprint1.Task2.V29\Tyuiu.ChuginNM.Sprint1.Task2.V29.csproj", "{14FE6CE6-A735-48A0-837D-62C82438A372}"
EndProject
Project("{FAE04EC0-301F-11D3-BF4B-00C04F79EFBC}") = "Tyuiu.ChuginNM.Sprint1.Task2.V29.Lib", "Tyuiu.ChuginNM.Sprint1.Task2.V29.Lib\Tyuiu.ChuginNM.Sprint1.Task2.V29.Lib.csproj", "{5A2C4A8A-6C42-473D-8BF3-1796A9B7817F}"
EndProject
Project("{FAE04EC0-301F-11D3-BF4B-00C04F79EFBC}") = "Tyuiu.ChuginNM.Sprint1.Task2.V29.Test", "Tyuiu.ChuginNM.Sprint1.Task2.V29.Test\Tyuiu.ChuginNM.Sprint1.Task2.V29.Test.csproj", "{62179503-A58C-462A-813A-AE7F252625BE}"
EndProject
Project("{2150E333-8FDC-42A3-9474-1A3956D46DE8}") = "Task3", "Task3", "{6797D637-0D89-4627-A4A3-34DAE165079F}"
EndProject
Project("{FAE04EC0-301F-11D3-BF4B-00C04F79EFBC}") = "Tyuiu.ChuginNM.Sprint1.Task3.V9", "Tyuiu.ChuginNM.Sprint1.Task3.V9\Tyuiu.ChuginNM.Sprint1.Task3.V9.csproj", "{0DC1B45F-1E2D-4A9C-8D7C-3994AAD78D3C}"
EndProject
Project("{FAE04EC0-301F-11D3-BF4B-00C04F79EFBC}") = "Tyuiu.ChuginNM.Sprint1.Task3.V9.Lib", "Tyuiu.ChuginNM.Sprint1.Task3.V9.Lib\Tyuiu.ChuginNM.Sprint1.Task3.V9.Lib.csproj", "{99AA6AF4-C018-4B88-9A75-010A6B0A65EF}"
EndProject
Project("{FAE04EC0-301F-11D3-BF4B-00C04F79EFBC}") = "Tyuiu.ChuginNM.Sprint1.Task3.V9.Test", "Tyuiu.ChuginNM.Sprint1.Task3.V9.Test\Tyuiu.ChuginNM.Sprint1.Task3.V9.Test.csproj", "{A7E915DF-9798-4E79-8B00-B3EF91E000ED}"
EndProject
Project("{2150E333-8FDC-42A3-9474-1A3956D46DE8}") = "Task4", "Task4", "{A86ACA88-85EA-4286-B106-0A3738ECF06D}"
EndProject
Project("{FAE04EC0-301F-11D3-BF4B-00C04F79EFBC}") = "Tyuiu.ChuginNM.Sprint1.Task4.V14", "Tyuiu.ChuginNM.Sprint1.Task4.V14\Tyuiu.ChuginNM.Sprint1.Task4.V14.csproj", "{CC2FF354-E7F0-4EE7-9414-02D7C910B05A}"
EndProject
Project("{FAE04EC0-301F-11D3-BF4B-00C04F79EFBC}") = "Tyuiu.ChuginNM.Sprint1.Task4.V14.Lib", "Tyuiu.ChuginNM.Sprint1.Task4.V14.Lib\Tyuiu.ChuginNM.Sprint1.Task4.V14.Lib.csproj", "{0EA02DA3-CC8E-40F3-ADD3-52EA068CA77C}"
EndProject
Project("{FAE04EC0-301F-11D3-BF4B-00C04F79EFBC}") = "Tyuiu.ChuginNM.Sprint1.Task4.V14.Test", "Tyuiu.ChuginNM.Sprint1.Task4.V14.Test\Tyuiu.ChuginNM.Sprint1.Task4.V14.Test.csproj", "{9C57C4B8-A263-404A-B435-0B7F694D0B67}"
EndProject
Project("{2150E333-8FDC-42A3-9474-1A3956D46DE8}") = "Task5", "Task5", "{FF361FFA-9D5C-4DC4-877F-FE29A5A431ED}"
EndProject
Project("{FAE04EC0-301F-11D3-BF4B-00C04F79EFBC}") = "Tyuiu.ChuginNM.Sprint1.Task5.V6", "Tyuiu.ChuginNM.Sprint1.Task5.V6\Tyuiu.ChuginNM.Sprint1.Task5.V6.csproj", "{D2200701-2F72-4E8B-9D42-860E1341E2FE}"
EndProject
Project("{FAE04EC0-301F-11D3-BF4B-00C04F79EFBC}") = "Tyuiu.ChuginNM.Sprint1.Task5.V6.Lib", "Tyuiu.ChuginNM.Sprint1.Task5.V6.Lib\Tyuiu.ChuginNM.Sprint1.Task5.V6.Lib.csproj", "{DD424284-0D40-4DC3-A5CF-5CCFAF1CB978}"
EndProject
Project("{FAE04EC0-301F-11D3-BF4B-00C04F79EFBC}") = "Tyuiu.ChuginNM.Sprint1.Task5.V6.Test", "Tyuiu.ChuginNM.Sprint1.Task5.V6.Test\Tyuiu.ChuginNM.Sprint1.Task5.V6.Test.csproj", "{69F21FA2-A570-41AE-9731-3B3E3C623E99}"
EndProject
Project("{2150E333-8FDC-42A3-9474-1A3956D46DE8}") = "Task6", "Task6", "{D58A9348-9C3C-414F-90FE-CF0AEA78DCDD}"
EndProject
Project("{FAE04EC0-301F-11D3-BF4B-00C04F79EFBC}") = "Tyuiu.ChuginNM.Sprint1.Task6.V11", "Tyuiu.ChuginNM.Sprint1.Task6.V11\Tyuiu.ChuginNM.Sprint1.Task6.V11.csproj", "{4E3C200F-ADB5-47CF-A56C-918180A84071}"
EndProject
Project("{FAE04EC0-301F-11D3-BF4B-00C04F79EFBC}") = "Tyuiu.ChuginNM.Sprint1.Task6.V11.Lib", "Tyuiu.ChuginNM.Sprint1.Task6.V11.Lib\Tyuiu.ChuginNM.Sprint1.Task6.V11.Lib.csproj", "{6E4966B8-FE78-46DE-9023-929D7CAC3245}"
EndProject
Project("{FAE04EC0-301F-11D3-BF4B-00C04F79EFBC}") = "Tyuiu.ChuginNM.Sprint1.Task6.V11.Test", "Tyuiu.ChuginNM.Sprint1.Task6.V11.Test\Tyuiu.ChuginNM.Sprint1.Task6.V11.Test.csproj", "{AB5F30C5-6DAD-40A7-AB30-81783AFC838A}"
EndProject
Global
	GlobalSection(SolutionConfigurationPlatforms) = preSolution
		Debug|Any CPU = Debug|Any CPU
		Release|Any CPU = Release|Any CPU
	EndGlobalSection
	GlobalSection(ProjectConfigurationPlatforms) = postSolution
		{3172325A-8B22-4F68-AB8E-BF400D34C28C}.Debug|Any CPU.ActiveCfg = Debug|Any CPU
		{3172325A-8B22-4F68-AB8E-BF400D34C28C}.Debug|Any CPU.Build.0 = Debug|Any CPU
		{3172325A-8B22-4F68-AB8E-BF400D34C28C}.Release|Any CPU.ActiveCfg = Release|Any CPU
		{3172325A-8B22-4F68-AB8E-BF400D34C28C}.Release|Any CPU.Build.0 = Release|Any CPU
		{C81D35EE-25C9-4303-BE55-691727755C59}.Debug|Any CPU.ActiveCfg = Debug|Any CPU
		{C81D35EE-25C9-4303-BE55-691727755C59}.Debug|Any CPU.Build.0 = Debug|Any CPU
		{C81D35EE-25C9-4303-BE55-691727755C59}.Release|Any CPU.ActiveCfg = Release|Any CPU
		{C81D35EE-25C9-4303-BE55-691727755C59}.Release|Any CPU.Build.0 = Release|Any CPU
		{1F01C86C-B783-4376-B163-B0623C4DF394}.Debug|Any CPU.ActiveCfg = Debug|Any CPU
		{1F01C86C-B783-4376-B163-B0623C4DF394}.Debug|Any CPU.Build.0 = Debug|Any CPU
		{1F01C86C-B783-4376-B163-B0623C4DF394}.Release|Any CPU.ActiveCfg = Release|Any CPU
		{1F01C86C-B783-4376-B163-B0623C4DF394}.Release|Any CPU.Build.0 = Release|Any CPU
		{DE0F24F4-59E3-450C-AA2F-2BD6FF0F5204}.Debug|Any CPU.ActiveCfg = Debug|Any CPU
		{DE0F24F4-59E3-450C-AA2F-2BD6FF0F5204}.Debug|Any CPU.Build.0 = Debug|Any CPU
		{DE0F24F4-59E3-450C-AA2F-2BD6FF0F5204}.Release|Any CPU.ActiveCfg = Release|Any CPU
		{DE0F24F4-59E3-450C-AA2F-2BD6FF0F5204}.Release|Any CPU.Build.0 = Release|Any CPU
		{2B5419D1-3F1E-451D-97C1-EA556B22642A}.Debug|Any CPU.ActiveCfg = Debug|Any CPU
		{2B5419D1-3F1E-451D-97C1-EA556B22642A}.Debug|Any CPU.Build.0 = Debug|Any CPU
		{2B5419D1-3F1E-451D-97C1-EA556B22642A}.Release|Any CPU.ActiveCfg = Release|Any CPU
		{2B5419D1-3F1E-451D-97C1-EA556B22642A}.Release|Any CPU.Build.0 = Release|Any CPU
		{F00728F5-6E2B-46E7-B097-626137616C8F}.Debug|Any CPU.ActiveCfg = Debug|Any CPU
		{F00728F5-6E2B-46E7-B097-626137616C8F}.Debug|Any CPU.Build.0 = Debug|Any CPU
		{F00728F5-6E2B-46E7-B097-626137616C8F}.Release|Any CPU.ActiveCfg = Release|Any CPU
		{F00728F5-6E2B-46E7-B097-626137616C8F}.Release|Any CPU.Build.0 = Release|Any CPU
		{14FE6CE6-A735-48A0-837D-62C82438A372}.Debug|Any CPU.ActiveCfg = Debug|Any CPU
		{14FE6CE6-A735-48A0-837D-62C82438A372}.Debug|Any CPU.Build.0 = Debug|Any CPU
		{14FE6CE6-A735-48A0-837D-62C82438A372}.Release|Any CPU.ActiveCfg = Release|Any CPU
		{14FE6CE6-A735-48A0-837D-62C82438A372}.Release|Any CPU.Build.0 = Release|Any CPU
		{5A2C4A8A-6C42-473D-8BF3-1796A9B7817F}.Debug|Any CPU.ActiveCfg = Debug|Any CPU
		{5A2C4A8A-6C42-473D-8BF3-1796A9B7817F}.Debug|Any CPU.Build.0 = Debug|Any CPU
		{5A2C4A8A-6C42-473D-8BF3-1796A9B7817F}.Release|Any CPU.ActiveCfg = Release|Any CPU
		{5A2C4A8A-6C42-473D-8BF3-1796A9B7817F}.Release|Any CPU.Build.0 = Release|Any CPU
		{62179503-A58C-462A-813A-AE7F252625BE}.Debug|Any CPU.ActiveCfg = Debug|Any CPU
		{62179503-A58C-462A-813A-AE7F252625BE}.Debug|Any CPU.Build.0 = Debug|Any CPU
		{62179503-A58C-462A-813A-AE7F252625BE}.Release|Any CPU.ActiveCfg = Release|Any CPU
		{62179503-A58C-462A-813A-AE7F252625BE}.Release|Any CPU.Build.0 = Release|Any CPU
		{0DC1B45F-1E2D-4A9C-8D7C-3994AAD78D3C}.Debug|Any CPU.ActiveCfg = Debug|Any CPU
		{0DC1B45F-1E2D-4A9C-8D7C-3994AAD78D3C}.Debug|Any CPU.Build.0 = Debug|Any CPU
		{0DC1B45F-1E2D-4A9C-8D7C-3994AAD78D3C}.Release|Any CPU.ActiveCfg = Release|Any CPU
		{0DC1B45F-1E2D-4A9C-8D7C-3994AAD78D3C}.Release|Any CPU.Build.0 = Release|Any CPU
		{99AA6AF4-C018-4B88-9A75-010A6B0A65EF}.Debug|Any CPU.ActiveCfg = Debug|Any CPU
		{99AA6AF4-C018-4B88-9A75-010A6B0A65EF}.Debug|Any CPU.Build.0 = Debug|Any CPU
		{99AA6AF4-C018-4B88-9A75-010A6B0A65EF}.Release|Any CPU.ActiveCfg = Release|Any CPU
		{99AA6AF4-C018-4B88-9A75-010A6B0A65EF}.Release|Any CPU.Build.0 = Release|Any CPU
		{A7E915DF-9798-4E79-8B00-B3EF91E000ED}.Debug|Any CPU.ActiveCfg = Debug|Any CPU
		{A7E915DF-9798-4E79-8B00-B3EF91E000ED}.Debug|Any CPU.Build.0 = Debug|Any CPU
		{A7E915DF-9798-4E79-8B00-B3EF91E000ED}.Release|Any CPU.ActiveCfg = Release|Any CPU
		{A7E915DF-9798-4E79-8B00-B3EF91E000ED}.Release|Any CPU.Build.0 = Release|Any CPU
		{CC2FF354-E7F0-4EE7-9414-02D7C910B05A}.Debug|Any CPU.ActiveCfg = Debug|Any CPU
		{CC2FF354-E7F0-4EE7-9414-02D7C910B05A}.Debug|Any CPU.Build.0 = Debug|Any CPU
		{CC2FF354-E7F0-4EE7-9414-02D7C910B05A}.Release|Any CPU.ActiveCfg = Release|Any CPU
		{CC2FF354-E7F0-4EE7-9414-02D7C910B05A}.Release|Any CPU.Build.0 = Release|Any CPU
		{0EA02DA3-CC8E-40F3-ADD3-52EA068CA77C}.Debug|Any CPU.ActiveCfg = Debug|Any CPU
		{0EA02DA3-CC8E-40F3-ADD3-52EA068CA77C}.Debug|Any CPU.Build.0 = Debug|Any CPU
		{0EA02DA3-CC8E-40F3-ADD3-52EA068CA77C}.Release|Any CPU.ActiveCfg = Release|Any CPU
		{0EA02DA3-CC8E-40F3-ADD3-52EA068CA77C}.Release|Any CPU.Build.0 = Release|Any CPU
		{9C57C4B8-A263-404A-B435-0B7F694D0B67}.Debug|Any CPU.ActiveCfg = Debug|Any CPU
		{9C57C4B8-A263-404A-B435-0B7F694D0B67}.Debug|Any CPU.Build.0 = Debug|Any CPU
		{9C57C4B8-A263-404A-B435-0B7F694D0B67}.Release|Any CPU.ActiveCfg = Release|Any CPU
		{9C57C4B8-A263-404A-B435-0B7F694D0B67}.Release|Any CPU.Build.0 = Release|Any CPU
		{D2200701-2F72-4E8B-9D42-860E1341E2FE}.Debug|Any CPU.ActiveCfg = Debug|Any CPU
		{D2200701-2F72-4E8B-9D42-860E1341E2FE}.Debug|Any CPU.Build.0 = Debug|Any CPU
		{D2200701-2F72-4E8B-9D42-860E1341E2FE}.Release|Any CPU.ActiveCfg = Release|Any CPU
		{D2200701-2F72-4E8B-9D42-860E1341E2FE}.Release|Any CPU.Build.0 = Release|Any CPU
		{DD424284-0D40-4DC3-A5CF-5CCFAF1CB978}.Debug|Any CPU.ActiveCfg = Debug|Any CPU
		{DD424284-0D40-4DC3-A5CF-5CCFAF1CB978}.Debug|Any CPU.Build.0 = Debug|Any CPU
		{DD424284-0D40-4DC3-A5CF-5CCFAF1CB978}.Release|Any CPU.ActiveCfg = Release|Any CPU
		{DD424284-0D40-4DC3-A5CF-5CCFAF1CB978}.Release|Any CPU.Build.0 = Release|Any CPU
		{69F21FA2-A570-41AE-9731-3B3E3C623E99}.Debug|Any CPU.ActiveCfg = Debug|Any CPU
		{69F21FA2-A570-41AE-9731-3B3E3C623E99}.Debug|Any CPU.Build.0 = Debug|Any CPU
		{69F21FA2-A570-41AE-9731-3B3E3C623E99}.Release|Any CPU.ActiveCfg = Release|Any CPU
		{69F21FA2-A570-41AE-9731-3B3E3C623E99}.Release|Any CPU.Build.0 = Release|Any CPU
		{4E3C200F-ADB5-47CF-A56C-918180A84071}.Debug|Any CPU.ActiveCfg = Debug|Any CPU
		{4E3C200F-ADB5-47CF-A56C-918180A84071}.Debug|Any CPU.Build.0 = Debug|Any CPU
		{4E3C200F-ADB5-47CF-A56C-918180A84071}.Release|Any CPU.ActiveCfg = Release|Any CPU
		{4E3C200F-ADB5-47CF-A56C-918180A84071}.Release|Any CPU.Build.0 = Release|Any CPU
		{6E4966B8-FE78-46DE-9023-929D7CAC3245}.Debug|Any CPU.ActiveCfg = Debug|Any CPU
		{6E4966B8-FE78-46DE-9023-929D7CAC3245}.Debug|Any CPU.Build.0 = Debug|Any CPU
		{6E4966B8-FE78-46DE-9023-929D7CAC3245}.Release|Any CPU.ActiveCfg = Release|Any CPU
		{6E4966B8-FE78-46DE-9023-929D7CAC3245}.Release|Any CPU.Build.0 = Release|Any CPU
		{AB5F30C5-6DAD-40A7-AB30-81783AFC838A}.Debug|Any CPU.ActiveCfg = Debug|Any CPU
		{AB5F30C5-6DAD-40A7-AB30-81783AFC838A}.Debug|Any CPU.Build.0 = Debug|Any CPU
		{AB5F30C5-6DAD-40A7-AB30-81783AFC838A}.Release|Any CPU.ActiveCfg = Release|Any CPU
		{AB5F30C5-6DAD-40A7-AB30-81783AFC838A}.Release|Any CPU.Build.0 = Release|Any CPU
	EndGlobalSection
	GlobalSection(SolutionProperties) = preSolution
		HideSolutionNode = FALSE
	EndGlobalSection
	GlobalSection(NestedProjects) = preSolution
		{3172325A-8B22-4F68-AB8E-BF400D34C28C} = {36D591C7-65C7-A0D1-1CBC-10CDE441BDC8}
		{C81D35EE-25C9-4303-BE55-691727755C59} = {36D591C7-65C7-A0D1-1CBC-10CDE441BDC8}
		{1F01C86C-B783-4376-B163-B0623C4DF394} = {36D591C7-65C7-A0D1-1CBC-10CDE441BDC8}
		{DE0F24F4-59E3-450C-AA2F-2BD6FF0F5204} = {E2299B22-47F0-44E3-A905-89557480EE87}
		{2B5419D1-3F1E-451D-97C1-EA556B22642A} = {E2299B22-47F0-44E3-A905-89557480EE87}
		{F00728F5-6E2B-46E7-B097-626137616C8F} = {E2299B22-47F0-44E3-A905-89557480EE87}
		{14FE6CE6-A735-48A0-837D-62C82438A372} = {23662AAE-053C-4DEB-9ADD-9CF732030883}
		{5A2C4A8A-6C42-473D-8BF3-1796A9B7817F} = {23662AAE-053C-4DEB-9ADD-9CF732030883}
		{62179503-A58C-462A-813A-AE7F252625BE} = {23662AAE-053C-4DEB-9ADD-9CF732030883}
		{0DC1B45F-1E2D-4A9C-8D7C-3994AAD78D3C} = {6797D637-0D89-4627-A4A3-34DAE165079F}
		{99AA6AF4-C018-4B88-9A75-010A6B0A65EF} = {6797D637-0D89-4627-A4A3-34DAE165079F}
		{A7E915DF-9798-4E79-8B00-B3EF91E000ED} = {6797D637-0D89-4627-A4A3-34DAE165079F}
		{CC2FF354-E7F0-4EE7-9414-02D7C910B05A} = {A86ACA88-85EA-4286-B106-0A3738ECF06D}
		{0EA02DA3-CC8E-40F3-ADD3-52EA068CA77C} = {A86ACA88-85EA-4286-B106-0A3738ECF06D}
		{9C57C4B8-A263-404A-B435-0B7F694D0B67} = {A86ACA88-85EA-4286-B106-0A3738ECF06D}
		{D2200701-2F72-4E8B-9D42-860E1341E2FE} = {FF361FFA-9D5C-4DC4-877F-FE29A5A431ED}
		{DD424284-0D40-4DC3-A5CF-5CCFAF1CB978} = {FF361FFA-9D5C-4DC4-877F-FE29A5A431ED}
		{69F21FA2-A570-41AE-9731-3B3E3C623E99} = {FF361FFA-9D5C-4DC4-877F-FE29A5A431ED}
		{4E3C200F-ADB5-47CF-A56C-918180A84071} = {D58A9348-9C3C-414F-90FE-CF0AEA78DCDD}
		{6E4966B8-FE78-46DE-9023-929D7CAC3245} = {D58A9348-9C3C-414F-90FE-CF0AEA78DCDD}
		{AB5F30C5-6DAD-40A7-AB30-81783AFC838A} = {D58A9348-9C3C-414F-90FE-CF0AEA78DCDD}
	EndGlobalSection
	GlobalSection(ExtensibilityGlobals) = postSolution
		SolutionGuid = {E4A35D50-AD55-4E6B-9DAD-8EDC480C4A00}
	EndGlobalSection
EndGlobal
